
Microsoft Visual Studio Solution File, Format Version 12.00
# Visual Studio 15
VisualStudioVersion = 15.0.28307.705
MinimumVisualStudioVersion = 10.0.40219.1
Project("{FAE04EC0-301F-11D3-BF4B-00C04F79EFBC}") = "Representar_Tabla_de_Multiplicar", "Representar_Tabla_de_Multiplicar\Representar_Tabla_de_Multiplicar.csproj", "{C587565D-DCAF-4DD1-AD6D-7A37ECF10F6A}"
EndProject
Global
	GlobalSection(SolutionConfigurationPlatforms) = preSolution
		Debug|Any CPU = Debug|Any CPU
		Release|Any CPU = Release|Any CPU
	EndGlobalSection
	GlobalSection(ProjectConfigurationPlatforms) = postSolution
		{C587565D-DCAF-4DD1-AD6D-7A37ECF10F6A}.Debug|Any CPU.ActiveCfg = Debug|Any CPU
		{C587565D-DCAF-4DD1-AD6D-7A37ECF10F6A}.Debug|Any CPU.Build.0 = Debug|Any CPU
		{C587565D-DCAF-4DD1-AD6D-7A37ECF10F6A}.Release|Any CPU.ActiveCfg = Release|Any CPU
		{C587565D-DCAF-4DD1-AD6D-7A37ECF10F6A}.Release|Any CPU.Build.0 = Release|Any CPU
	EndGlobalSection
	GlobalSection(SolutionProperties) = preSolution
		HideSolutionNode = FALSE
	EndGlobalSection
	GlobalSection(ExtensibilityGlobals) = postSolution
		SolutionGuid = {8D1E5E25-A479-42D9-8D2D-271A97CAA4C8}
	EndGlobalSection
EndGlobal
